
Microsoft Visual Studio Solution File, Format Version 12.00
# Visual Studio Version 16
VisualStudioVersion = 16.0.31129.286
MinimumVisualStudioVersion = 10.0.40219.1
Project("{FAE04EC0-301F-11D3-BF4B-00C04F79EFBC}") = "HotelAPI", "HotelAPI\HotelAPI.csproj", "{73DE9359-7F31-4E0A-9F60-B5DE6A9A817D}"
EndProject
Project("{FAE04EC0-301F-11D3-BF4B-00C04F79EFBC}") = "Hotel.Dominio", "Hotel.Dominio\Hotel.Dominio.csproj", "{935A102C-3595-40EE-990B-80079A8244AF}"
EndProject
Project("{FAE04EC0-301F-11D3-BF4B-00C04F79EFBC}") = "Hotel.Repositorio", "Hotel.Repositorio\Hotel.Repositorio.csproj", "{4E731945-778E-43A3-8D2D-995B1A264185}"
EndProject
Global
	GlobalSection(SolutionConfigurationPlatforms) = preSolution
		Debug|Any CPU = Debug|Any CPU
		Release|Any CPU = Release|Any CPU
	EndGlobalSection
	GlobalSection(ProjectConfigurationPlatforms) = postSolution
		{73DE9359-7F31-4E0A-9F60-B5DE6A9A817D}.Debug|Any CPU.ActiveCfg = Debug|Any CPU
		{73DE9359-7F31-4E0A-9F60-B5DE6A9A817D}.Debug|Any CPU.Build.0 = Debug|Any CPU
		{73DE9359-7F31-4E0A-9F60-B5DE6A9A817D}.Release|Any CPU.ActiveCfg = Release|Any CPU
		{73DE9359-7F31-4E0A-9F60-B5DE6A9A817D}.Release|Any CPU.Build.0 = Release|Any CPU
		{935A102C-3595-40EE-990B-80079A8244AF}.Debug|Any CPU.ActiveCfg = Debug|Any CPU
		{935A102C-3595-40EE-990B-80079A8244AF}.Debug|Any CPU.Build.0 = Debug|Any CPU
		{935A102C-3595-40EE-990B-80079A8244AF}.Release|Any CPU.ActiveCfg = Release|Any CPU
		{935A102C-3595-40EE-990B-80079A8244AF}.Release|Any CPU.Build.0 = Release|Any CPU
		{4E731945-778E-43A3-8D2D-995B1A264185}.Debug|Any CPU.ActiveCfg = Debug|Any CPU
		{4E731945-778E-43A3-8D2D-995B1A264185}.Debug|Any CPU.Build.0 = Debug|Any CPU
		{4E731945-778E-43A3-8D2D-995B1A264185}.Release|Any CPU.ActiveCfg = Release|Any CPU
		{4E731945-778E-43A3-8D2D-995B1A264185}.Release|Any CPU.Build.0 = Release|Any CPU
	EndGlobalSection
	GlobalSection(SolutionProperties) = preSolution
		HideSolutionNode = FALSE
	EndGlobalSection
	GlobalSection(ExtensibilityGlobals) = postSolution
		SolutionGuid = {B5991E9B-B30E-47C4-97FB-200547739893}
	EndGlobalSection
EndGlobal
